// !$*UTF8*$!
{
	archiveVersion = 1;
	classes = {
	};
	objectVersion = 54;
	objects = {

/* Begin PBXBuildFile section */
		00E356F31AD99517003FC87E /* SalesAppTests.m in Sources */ = {isa = PBXBuildFile; fileRef = 00E356F21AD99517003FC87E /* SalesAppTests.m */; };
		031389BC7F8C488985C7CE16 /* Nunito-Medium.ttf in Resources */ = {isa = PBXBuildFile; fileRef = C42ADD53185149EB9FA038A2 /* Nunito-Medium.ttf */; };
		034C941009964338A4D59CCC /* Poppins-ExtraBold.ttf in Resources */ = {isa = PBXBuildFile; fileRef = 9E129952023941CF99BE8056 /* Poppins-ExtraBold.ttf */; };
		0640E2BE8E544117B43373C4 /* Poppins-BoldItalic.ttf in Resources */ = {isa = PBXBuildFile; fileRef = 6731BBA7FF2346C787824581 /* Poppins-BoldItalic.ttf */; };
		0D6BE57ADE0D4AFAB9B8FEC9 /* Nunito-Light.ttf in Resources */ = {isa = PBXBuildFile; fileRef = D86E73528FAE49AE838457E6 /* Nunito-Light.ttf */; };
		13B07FBC1A68108700A75B9A /* AppDelegate.mm in Sources */ = {isa = PBXBuildFile; fileRef = 13B07FB01A68108700A75B9A /* AppDelegate.mm */; };
		13B07FBF1A68108700A75B9A /* Images.xcassets in Resources */ = {isa = PBXBuildFile; fileRef = 13B07FB51A68108700A75B9A /* Images.xcassets */; };
		13B07FC11A68108700A75B9A /* main.m in Sources */ = {isa = PBXBuildFile; fileRef = 13B07FB71A68108700A75B9A /* main.m */; };
		1690DED8269E47CAA89FEF31 /* Poppins-LightItalic.ttf in Resources */ = {isa = PBXBuildFile; fileRef = 25E988A52ABD453889A87553 /* Poppins-LightItalic.ttf */; };
		21C0D59AAA094E4780C2B72F /* Poppins-ThinItalic.ttf in Resources */ = {isa = PBXBuildFile; fileRef = DEBE15C7486B40BF8EC6C0C4 /* Poppins-ThinItalic.ttf */; };
		36189D6EFB554FEB973512EB /* Nunito-Italic.ttf in Resources */ = {isa = PBXBuildFile; fileRef = 366CC7704C5A4733B95F4B14 /* Nunito-Italic.ttf */; };
		44BB7B4DC02C4A21B7867DBA /* Nunito-ExtraBold.ttf in Resources */ = {isa = PBXBuildFile; fileRef = C4FEB125C25940B8B05661CC /* Nunito-ExtraBold.ttf */; };
		47676426AD454F3D84A51B7A /* Poppins-Bold.ttf in Resources */ = {isa = PBXBuildFile; fileRef = 25CA7866EAAA4856A30A7A81 /* Poppins-Bold.ttf */; };
		4F550346F5F048A7BDD27ECD /* Nunito-Regular.ttf in Resources */ = {isa = PBXBuildFile; fileRef = 0B486AFFAB294327BB5DE616 /* Nunito-Regular.ttf */; };
		53554AFFE0854F4F999C7214 /* Poppins-Italic.ttf in Resources */ = {isa = PBXBuildFile; fileRef = 46FD47E92BC34B50B2493E5E /* Poppins-Italic.ttf */; };
		65001D63F5CE400794DE812F /* Poppins-SemiBoldItalic.ttf in Resources */ = {isa = PBXBuildFile; fileRef = 6F861281813845AA8E1A739E /* Poppins-SemiBoldItalic.ttf */; };
		69D60431732B0C8198B9F800 /* libPods-SalesApp.a in Frameworks */ = {isa = PBXBuildFile; fileRef = 5DB81A75781B8E571A1057D8 /* libPods-SalesApp.a */; };
		6E58AAE84D024DB293C3041E /* Nunito-MediumItalic.ttf in Resources */ = {isa = PBXBuildFile; fileRef = 6BA745DE83C74A0DA9B298E5 /* Nunito-MediumItalic.ttf */; };
		73713FDE27DF4DE19546FD1B /* Poppins-Light.ttf in Resources */ = {isa = PBXBuildFile; fileRef = F6492AA668BC4A0CA6535FF2 /* Poppins-Light.ttf */; };
		7743C93442314A5FA6E7D941 /* Poppins-ExtraLight.ttf in Resources */ = {isa = PBXBuildFile; fileRef = E111A6765F6148CA8BAB146E /* Poppins-ExtraLight.ttf */; };
		7AB2AEF2AF734E4EAFAAF911 /* Nunito-Bold.ttf in Resources */ = {isa = PBXBuildFile; fileRef = 4E209C4FE4BF467EBCA7134C /* Nunito-Bold.ttf */; };
		81AB9BB82411601600AC10FF /* LaunchScreen.storyboard in Resources */ = {isa = PBXBuildFile; fileRef = 81AB9BB72411601600AC10FF /* LaunchScreen.storyboard */; };
		8896FF9C07994CB0B9726154 /* Nunito-BoldItalic.ttf in Resources */ = {isa = PBXBuildFile; fileRef = 67DE9DFE23A44A17AE5D68A2 /* Nunito-BoldItalic.ttf */; };
		959BF73D5CB736F835343CF8 /* libPods-SalesApp-SalesAppTests.a in Frameworks */ = {isa = PBXBuildFile; fileRef = 737808F2152E647DA4AD8D61 /* libPods-SalesApp-SalesAppTests.a */; };
		965B9A8560664563B384A3FD /* Nunito-ExtraLightItalic.ttf in Resources */ = {isa = PBXBuildFile; fileRef = 244ABF5534794585AD003040 /* Nunito-ExtraLightItalic.ttf */; };
		9CEE856C4DBB485F950C4D91 /* Nunito-SemiBold.ttf in Resources */ = {isa = PBXBuildFile; fileRef = D6F643552DE24267B186B21A /* Nunito-SemiBold.ttf */; };
		A6684C93117C4518ADB770DC /* Poppins-Black.ttf in Resources */ = {isa = PBXBuildFile; fileRef = 4B4915BCC205407D98B2D482 /* Poppins-Black.ttf */; };
		A6C8F25E06524FB084D39689 /* Nunito-SemiBoldItalic.ttf in Resources */ = {isa = PBXBuildFile; fileRef = 2B7119D4437E42C180E9F82E /* Nunito-SemiBoldItalic.ttf */; };
		A77C0626EE4F47A7A88700FD /* Poppins-Thin.ttf in Resources */ = {isa = PBXBuildFile; fileRef = EE80FEBE75004A959DCB5431 /* Poppins-Thin.ttf */; };
		BA7B5F1BE6D74BC0BDA36329 /* Nunito-LightItalic.ttf in Resources */ = {isa = PBXBuildFile; fileRef = 6C3D06C788354CE1A8F2A908 /* Nunito-LightItalic.ttf */; };
		BDE8B4619D89447B8596C42C /* Poppins-MediumItalic.ttf in Resources */ = {isa = PBXBuildFile; fileRef = EA6F61AD6307421B82ADD691 /* Poppins-MediumItalic.ttf */; };
		C22F1A2A549F4EE79876D292 /* Poppins-Regular.ttf in Resources */ = {isa = PBXBuildFile; fileRef = B17A27848E274281A7C1B212 /* Poppins-Regular.ttf */; };
		C8AF90C5DACC4A99AE1AE749 /* Poppins-BlackItalic.ttf in Resources */ = {isa = PBXBuildFile; fileRef = 61F5220CF09F461A8965DC87 /* Poppins-BlackItalic.ttf */; };
		D8AE0622F3C64ED5B506F2E6 /* Nunito-ExtraLight.ttf in Resources */ = {isa = PBXBuildFile; fileRef = 29AF5FF4CB6A44819387DC6E /* Nunito-ExtraLight.ttf */; };
		DD65F1120CBF4F5A8BB43BB7 /* Nunito-Black.ttf in Resources */ = {isa = PBXBuildFile; fileRef = 29A63E899BBE43A4B01AED5F /* Nunito-Black.ttf */; };
		DEBBB8C41E6946FB82178DBA /* Nunito-BlackItalic.ttf in Resources */ = {isa = PBXBuildFile; fileRef = 0DEF8AD3323F406EA41AC6D3 /* Nunito-BlackItalic.ttf */; };
		E20F47B799AC411B85E16719 /* Poppins-ExtraBoldItalic.ttf in Resources */ = {isa = PBXBuildFile; fileRef = CBFCB11368764CF6AC9EDF71 /* Poppins-ExtraBoldItalic.ttf */; };
		F240F796BC934262A07F6493 /* Poppins-Medium.ttf in Resources */ = {isa = PBXBuildFile; fileRef = 026BBEC6D2B54E6193AC819B /* Poppins-Medium.ttf */; };
		F6266660FA4C4AAABC28C9F7 /* Poppins-ExtraLightItalic.ttf in Resources */ = {isa = PBXBuildFile; fileRef = A3712BD87502425F96937844 /* Poppins-ExtraLightItalic.ttf */; };
		FAAC6B20EC7C445AAD976BD4 /* Nunito-ExtraBoldItalic.ttf in Resources */ = {isa = PBXBuildFile; fileRef = C16B765689274973A16BC57E /* Nunito-ExtraBoldItalic.ttf */; };
		FF44F79B88EA47D89E885F63 /* Poppins-SemiBold.ttf in Resources */ = {isa = PBXBuildFile; fileRef = 02DFA2C122394E0E94079870 /* Poppins-SemiBold.ttf */; };
/* End PBXBuildFile section */

/* Begin PBXContainerItemProxy section */
		00E356F41AD99517003FC87E /* PBXContainerItemProxy */ = {
			isa = PBXContainerItemProxy;
			containerPortal = 83CBB9F71A601CBA00E9B192 /* Project object */;
			proxyType = 1;
			remoteGlobalIDString = 13B07F861A680F5B00A75B9A;
			remoteInfo = SalesApp;
		};
/* End PBXContainerItemProxy section */

/* Begin PBXFileReference section */
		00E356EE1AD99517003FC87E /* SalesAppTests.xctest */ = {isa = PBXFileReference; explicitFileType = wrapper.cfbundle; includeInIndex = 0; path = SalesAppTests.xctest; sourceTree = BUILT_PRODUCTS_DIR; };
		00E356F11AD99517003FC87E /* Info.plist */ = {isa = PBXFileReference; lastKnownFileType = text.plist.xml; path = Info.plist; sourceTree = "<group>"; };
		00E356F21AD99517003FC87E /* SalesAppTests.m */ = {isa = PBXFileReference; lastKnownFileType = sourcecode.c.objc; path = SalesAppTests.m; sourceTree = "<group>"; };
		026BBEC6D2B54E6193AC819B /* Poppins-Medium.ttf */ = {isa = PBXFileReference; explicitFileType = undefined; fileEncoding = 9; includeInIndex = 0; lastKnownFileType = unknown; name = "Poppins-Medium.ttf"; path = "../src/assets/fonts/Poppins-Medium.ttf"; sourceTree = "<group>"; };
		02DFA2C122394E0E94079870 /* Poppins-SemiBold.ttf */ = {isa = PBXFileReference; explicitFileType = undefined; fileEncoding = 9; includeInIndex = 0; lastKnownFileType = unknown; name = "Poppins-SemiBold.ttf"; path = "../src/assets/fonts/Poppins-SemiBold.ttf"; sourceTree = "<group>"; };
		0B486AFFAB294327BB5DE616 /* Nunito-Regular.ttf */ = {isa = PBXFileReference; explicitFileType = undefined; fileEncoding = 9; includeInIndex = 0; lastKnownFileType = unknown; name = "Nunito-Regular.ttf"; path = "../src/assets/fonts/Nunito-Regular.ttf"; sourceTree = "<group>"; };
		0DEF8AD3323F406EA41AC6D3 /* Nunito-BlackItalic.ttf */ = {isa = PBXFileReference; explicitFileType = undefined; fileEncoding = 9; includeInIndex = 0; lastKnownFileType = unknown; name = "Nunito-BlackItalic.ttf"; path = "../src/assets/fonts/Nunito-BlackItalic.ttf"; sourceTree = "<group>"; };
		13B07F961A680F5B00A75B9A /* SalesApp.app */ = {isa = PBXFileReference; explicitFileType = wrapper.application; includeInIndex = 0; path = SalesApp.app; sourceTree = BUILT_PRODUCTS_DIR; };
		13B07FAF1A68108700A75B9A /* AppDelegate.h */ = {isa = PBXFileReference; fileEncoding = 4; lastKnownFileType = sourcecode.c.h; name = AppDelegate.h; path = SalesApp/AppDelegate.h; sourceTree = "<group>"; };
		13B07FB01A68108700A75B9A /* AppDelegate.mm */ = {isa = PBXFileReference; fileEncoding = 4; lastKnownFileType = sourcecode.cpp.objcpp; name = AppDelegate.mm; path = SalesApp/AppDelegate.mm; sourceTree = "<group>"; };
		13B07FB51A68108700A75B9A /* Images.xcassets */ = {isa = PBXFileReference; lastKnownFileType = folder.assetcatalog; name = Images.xcassets; path = SalesApp/Images.xcassets; sourceTree = "<group>"; };
		13B07FB61A68108700A75B9A /* Info.plist */ = {isa = PBXFileReference; fileEncoding = 4; lastKnownFileType = text.plist.xml; name = Info.plist; path = SalesApp/Info.plist; sourceTree = "<group>"; };
		13B07FB71A68108700A75B9A /* main.m */ = {isa = PBXFileReference; fileEncoding = 4; lastKnownFileType = sourcecode.c.objc; name = main.m; path = SalesApp/main.m; sourceTree = "<group>"; };
		244ABF5534794585AD003040 /* Nunito-ExtraLightItalic.ttf */ = {isa = PBXFileReference; explicitFileType = undefined; fileEncoding = 9; includeInIndex = 0; lastKnownFileType = unknown; name = "Nunito-ExtraLightItalic.ttf"; path = "../src/assets/fonts/Nunito-ExtraLightItalic.ttf"; sourceTree = "<group>"; };
		25CA7866EAAA4856A30A7A81 /* Poppins-Bold.ttf */ = {isa = PBXFileReference; explicitFileType = undefined; fileEncoding = 9; includeInIndex = 0; lastKnownFileType = unknown; name = "Poppins-Bold.ttf"; path = "../src/assets/fonts/Poppins-Bold.ttf"; sourceTree = "<group>"; };
		25E988A52ABD453889A87553 /* Poppins-LightItalic.ttf */ = {isa = PBXFileReference; explicitFileType = undefined; fileEncoding = 9; includeInIndex = 0; lastKnownFileType = unknown; name = "Poppins-LightItalic.ttf"; path = "../src/assets/fonts/Poppins-LightItalic.ttf"; sourceTree = "<group>"; };
		29A63E899BBE43A4B01AED5F /* Nunito-Black.ttf */ = {isa = PBXFileReference; explicitFileType = undefined; fileEncoding = 9; includeInIndex = 0; lastKnownFileType = unknown; name = "Nunito-Black.ttf"; path = "../src/assets/fonts/Nunito-Black.ttf"; sourceTree = "<group>"; };
		29AF5FF4CB6A44819387DC6E /* Nunito-ExtraLight.ttf */ = {isa = PBXFileReference; explicitFileType = undefined; fileEncoding = 9; includeInIndex = 0; lastKnownFileType = unknown; name = "Nunito-ExtraLight.ttf"; path = "../src/assets/fonts/Nunito-ExtraLight.ttf"; sourceTree = "<group>"; };
		2B7119D4437E42C180E9F82E /* Nunito-SemiBoldItalic.ttf */ = {isa = PBXFileReference; explicitFileType = undefined; fileEncoding = 9; includeInIndex = 0; lastKnownFileType = unknown; name = "Nunito-SemiBoldItalic.ttf"; path = "../src/assets/fonts/Nunito-SemiBoldItalic.ttf"; sourceTree = "<group>"; };
		366CC7704C5A4733B95F4B14 /* Nunito-Italic.ttf */ = {isa = PBXFileReference; explicitFileType = undefined; fileEncoding = 9; includeInIndex = 0; lastKnownFileType = unknown; name = "Nunito-Italic.ttf"; path = "../src/assets/fonts/Nunito-Italic.ttf"; sourceTree = "<group>"; };
		3DED669602BDD4A1CA64D161 /* Pods-SalesApp.release.xcconfig */ = {isa = PBXFileReference; includeInIndex = 1; lastKnownFileType = text.xcconfig; name = "Pods-SalesApp.release.xcconfig"; path = "Target Support Files/Pods-SalesApp/Pods-SalesApp.release.xcconfig"; sourceTree = "<group>"; };
		46FD47E92BC34B50B2493E5E /* Poppins-Italic.ttf */ = {isa = PBXFileReference; explicitFileType = undefined; fileEncoding = 9; includeInIndex = 0; lastKnownFileType = unknown; name = "Poppins-Italic.ttf"; path = "../src/assets/fonts/Poppins-Italic.ttf"; sourceTree = "<group>"; };
		4B4915BCC205407D98B2D482 /* Poppins-Black.ttf */ = {isa = PBXFileReference; explicitFileType = undefined; fileEncoding = 9; includeInIndex = 0; lastKnownFileType = unknown; name = "Poppins-Black.ttf"; path = "../src/assets/fonts/Poppins-Black.ttf"; sourceTree = "<group>"; };
		4E209C4FE4BF467EBCA7134C /* Nunito-Bold.ttf */ = {isa = PBXFileReference; explicitFileType = undefined; fileEncoding = 9; includeInIndex = 0; lastKnownFileType = unknown; name = "Nunito-Bold.ttf"; path = "../src/assets/fonts/Nunito-Bold.ttf"; sourceTree = "<group>"; };
		5DB81A75781B8E571A1057D8 /* libPods-SalesApp.a */ = {isa = PBXFileReference; explicitFileType = archive.ar; includeInIndex = 0; path = "libPods-SalesApp.a"; sourceTree = BUILT_PRODUCTS_DIR; };
		61F5220CF09F461A8965DC87 /* Poppins-BlackItalic.ttf */ = {isa = PBXFileReference; explicitFileType = undefined; fileEncoding = 9; includeInIndex = 0; lastKnownFileType = unknown; name = "Poppins-BlackItalic.ttf"; path = "../src/assets/fonts/Poppins-BlackItalic.ttf"; sourceTree = "<group>"; };
		6731BBA7FF2346C787824581 /* Poppins-BoldItalic.ttf */ = {isa = PBXFileReference; explicitFileType = undefined; fileEncoding = 9; includeInIndex = 0; lastKnownFileType = unknown; name = "Poppins-BoldItalic.ttf"; path = "../src/assets/fonts/Poppins-BoldItalic.ttf"; sourceTree = "<group>"; };
		67DE9DFE23A44A17AE5D68A2 /* Nunito-BoldItalic.ttf */ = {isa = PBXFileReference; explicitFileType = undefined; fileEncoding = 9; includeInIndex = 0; lastKnownFileType = unknown; name = "Nunito-BoldItalic.ttf"; path = "../src/assets/fonts/Nunito-BoldItalic.ttf"; sourceTree = "<group>"; };
		6BA745DE83C74A0DA9B298E5 /* Nunito-MediumItalic.ttf */ = {isa = PBXFileReference; explicitFileType = undefined; fileEncoding = 9; includeInIndex = 0; lastKnownFileType = unknown; name = "Nunito-MediumItalic.ttf"; path = "../src/assets/fonts/Nunito-MediumItalic.ttf"; sourceTree = "<group>"; };
		6C3D06C788354CE1A8F2A908 /* Nunito-LightItalic.ttf */ = {isa = PBXFileReference; explicitFileType = undefined; fileEncoding = 9; includeInIndex = 0; lastKnownFileType = unknown; name = "Nunito-LightItalic.ttf"; path = "../src/assets/fonts/Nunito-LightItalic.ttf"; sourceTree = "<group>"; };
		6F861281813845AA8E1A739E /* Poppins-SemiBoldItalic.ttf */ = {isa = PBXFileReference; explicitFileType = undefined; fileEncoding = 9; includeInIndex = 0; lastKnownFileType = unknown; name = "Poppins-SemiBoldItalic.ttf"; path = "../src/assets/fonts/Poppins-SemiBoldItalic.ttf"; sourceTree = "<group>"; };
		737808F2152E647DA4AD8D61 /* libPods-SalesApp-SalesAppTests.a */ = {isa = PBXFileReference; explicitFileType = archive.ar; includeInIndex = 0; path = "libPods-SalesApp-SalesAppTests.a"; sourceTree = BUILT_PRODUCTS_DIR; };
		7831FA39F8A69BA6698074D4 /* Pods-SalesApp.debug.xcconfig */ = {isa = PBXFileReference; includeInIndex = 1; lastKnownFileType = text.xcconfig; name = "Pods-SalesApp.debug.xcconfig"; path = "Target Support Files/Pods-SalesApp/Pods-SalesApp.debug.xcconfig"; sourceTree = "<group>"; };
		81AB9BB72411601600AC10FF /* LaunchScreen.storyboard */ = {isa = PBXFileReference; fileEncoding = 4; lastKnownFileType = file.storyboard; name = LaunchScreen.storyboard; path = SalesApp/LaunchScreen.storyboard; sourceTree = "<group>"; };
		9E129952023941CF99BE8056 /* Poppins-ExtraBold.ttf */ = {isa = PBXFileReference; explicitFileType = undefined; fileEncoding = 9; includeInIndex = 0; lastKnownFileType = unknown; name = "Poppins-ExtraBold.ttf"; path = "../src/assets/fonts/Poppins-ExtraBold.ttf"; sourceTree = "<group>"; };
		A3712BD87502425F96937844 /* Poppins-ExtraLightItalic.ttf */ = {isa = PBXFileReference; explicitFileType = undefined; fileEncoding = 9; includeInIndex = 0; lastKnownFileType = unknown; name = "Poppins-ExtraLightItalic.ttf"; path = "../src/assets/fonts/Poppins-ExtraLightItalic.ttf"; sourceTree = "<group>"; };
		B17A27848E274281A7C1B212 /* Poppins-Regular.ttf */ = {isa = PBXFileReference; explicitFileType = undefined; fileEncoding = 9; includeInIndex = 0; lastKnownFileType = unknown; name = "Poppins-Regular.ttf"; path = "../src/assets/fonts/Poppins-Regular.ttf"; sourceTree = "<group>"; };
		C16B765689274973A16BC57E /* Nunito-ExtraBoldItalic.ttf */ = {isa = PBXFileReference; explicitFileType = undefined; fileEncoding = 9; includeInIndex = 0; lastKnownFileType = unknown; name = "Nunito-ExtraBoldItalic.ttf"; path = "../src/assets/fonts/Nunito-ExtraBoldItalic.ttf"; sourceTree = "<group>"; };
		C42ADD53185149EB9FA038A2 /* Nunito-Medium.ttf */ = {isa = PBXFileReference; explicitFileType = undefined; fileEncoding = 9; includeInIndex = 0; lastKnownFileType = unknown; name = "Nunito-Medium.ttf"; path = "../src/assets/fonts/Nunito-Medium.ttf"; sourceTree = "<group>"; };
		C4FEB125C25940B8B05661CC /* Nunito-ExtraBold.ttf */ = {isa = PBXFileReference; explicitFileType = undefined; fileEncoding = 9; includeInIndex = 0; lastKnownFileType = unknown; name = "Nunito-ExtraBold.ttf"; path = "../src/assets/fonts/Nunito-ExtraBold.ttf"; sourceTree = "<group>"; };
		CBFCB11368764CF6AC9EDF71 /* Poppins-ExtraBoldItalic.ttf */ = {isa = PBXFileReference; explicitFileType = undefined; fileEncoding = 9; includeInIndex = 0; lastKnownFileType = unknown; name = "Poppins-ExtraBoldItalic.ttf"; path = "../src/assets/fonts/Poppins-ExtraBoldItalic.ttf"; sourceTree = "<group>"; };
		D6F643552DE24267B186B21A /* Nunito-SemiBold.ttf */ = {isa = PBXFileReference; explicitFileType = undefined; fileEncoding = 9; includeInIndex = 0; lastKnownFileType = unknown; name = "Nunito-SemiBold.ttf"; path = "../src/assets/fonts/Nunito-SemiBold.ttf"; sourceTree = "<group>"; };
		D86E73528FAE49AE838457E6 /* Nunito-Light.ttf */ = {isa = PBXFileReference; explicitFileType = undefined; fileEncoding = 9; includeInIndex = 0; lastKnownFileType = unknown; name = "Nunito-Light.ttf"; path = "../src/assets/fonts/Nunito-Light.ttf"; sourceTree = "<group>"; };
		DEBE15C7486B40BF8EC6C0C4 /* Poppins-ThinItalic.ttf */ = {isa = PBXFileReference; explicitFileType = undefined; fileEncoding = 9; includeInIndex = 0; lastKnownFileType = unknown; name = "Poppins-ThinItalic.ttf"; path = "../src/assets/fonts/Poppins-ThinItalic.ttf"; sourceTree = "<group>"; };
		E111A6765F6148CA8BAB146E /* Poppins-ExtraLight.ttf */ = {isa = PBXFileReference; explicitFileType = undefined; fileEncoding = 9; includeInIndex = 0; lastKnownFileType = unknown; name = "Poppins-ExtraLight.ttf"; path = "../src/assets/fonts/Poppins-ExtraLight.ttf"; sourceTree = "<group>"; };
		EA6F61AD6307421B82ADD691 /* Poppins-MediumItalic.ttf */ = {isa = PBXFileReference; explicitFileType = undefined; fileEncoding = 9; includeInIndex = 0; lastKnownFileType = unknown; name = "Poppins-MediumItalic.ttf"; path = "../src/assets/fonts/Poppins-MediumItalic.ttf"; sourceTree = "<group>"; };
		ED297162215061F000B7C4FE /* JavaScriptCore.framework */ = {isa = PBXFileReference; lastKnownFileType = wrapper.framework; name = JavaScriptCore.framework; path = System/Library/Frameworks/JavaScriptCore.framework; sourceTree = SDKROOT; };
		EE80FEBE75004A959DCB5431 /* Poppins-Thin.ttf */ = {isa = PBXFileReference; explicitFileType = undefined; fileEncoding = 9; includeInIndex = 0; lastKnownFileType = unknown; name = "Poppins-Thin.ttf"; path = "../src/assets/fonts/Poppins-Thin.ttf"; sourceTree = "<group>"; };
		F5B11B0C361255BAE6E7791F /* Pods-SalesApp-SalesAppTests.release.xcconfig */ = {isa = PBXFileReference; includeInIndex = 1; lastKnownFileType = text.xcconfig; name = "Pods-SalesApp-SalesAppTests.release.xcconfig"; path = "Target Support Files/Pods-SalesApp-SalesAppTests/Pods-SalesApp-SalesAppTests.release.xcconfig"; sourceTree = "<group>"; };
		F6492AA668BC4A0CA6535FF2 /* Poppins-Light.ttf */ = {isa = PBXFileReference; explicitFileType = undefined; fileEncoding = 9; includeInIndex = 0; lastKnownFileType = unknown; name = "Poppins-Light.ttf"; path = "../src/assets/fonts/Poppins-Light.ttf"; sourceTree = "<group>"; };
		F77DA0B34B26C4682A55386F /* Pods-SalesApp-SalesAppTests.debug.xcconfig */ = {isa = PBXFileReference; includeInIndex = 1; lastKnownFileType = text.xcconfig; name = "Pods-SalesApp-SalesAppTests.debug.xcconfig"; path = "Target Support Files/Pods-SalesApp-SalesAppTests/Pods-SalesApp-SalesAppTests.debug.xcconfig"; sourceTree = "<group>"; };
/* End PBXFileReference section */

/* Begin PBXFrameworksBuildPhase section */
		00E356EB1AD99517003FC87E /* Frameworks */ = {
			isa = PBXFrameworksBuildPhase;
			buildActionMask = 2147483647;
			files = (
				959BF73D5CB736F835343CF8 /* libPods-SalesApp-SalesAppTests.a in Frameworks */,
			);
			runOnlyForDeploymentPostprocessing = 0;
		};
		13B07F8C1A680F5B00A75B9A /* Frameworks */ = {
			isa = PBXFrameworksBuildPhase;
			buildActionMask = 2147483647;
			files = (
				69D60431732B0C8198B9F800 /* libPods-SalesApp.a in Frameworks */,
			);
			runOnlyForDeploymentPostprocessing = 0;
		};
/* End PBXFrameworksBuildPhase section */

/* Begin PBXGroup section */
		00E356EF1AD99517003FC87E /* SalesAppTests */ = {
			isa = PBXGroup;
			children = (
				00E356F21AD99517003FC87E /* SalesAppTests.m */,
				00E356F01AD99517003FC87E /* Supporting Files */,
			);
			path = SalesAppTests;
			sourceTree = "<group>";
		};
		00E356F01AD99517003FC87E /* Supporting Files */ = {
			isa = PBXGroup;
			children = (
				00E356F11AD99517003FC87E /* Info.plist */,
			);
			name = "Supporting Files";
			sourceTree = "<group>";
		};
		13B07FAE1A68108700A75B9A /* SalesApp */ = {
			isa = PBXGroup;
			children = (
				13B07FAF1A68108700A75B9A /* AppDelegate.h */,
				13B07FB01A68108700A75B9A /* AppDelegate.mm */,
				13B07FB51A68108700A75B9A /* Images.xcassets */,
				13B07FB61A68108700A75B9A /* Info.plist */,
				81AB9BB72411601600AC10FF /* LaunchScreen.storyboard */,
				13B07FB71A68108700A75B9A /* main.m */,
			);
			name = SalesApp;
			sourceTree = "<group>";
		};
		2D16E6871FA4F8E400B85C8A /* Frameworks */ = {
			isa = PBXGroup;
			children = (
				ED297162215061F000B7C4FE /* JavaScriptCore.framework */,
				5DB81A75781B8E571A1057D8 /* libPods-SalesApp.a */,
				737808F2152E647DA4AD8D61 /* libPods-SalesApp-SalesAppTests.a */,
			);
			name = Frameworks;
			sourceTree = "<group>";
		};
		832341AE1AAA6A7D00B99B32 /* Libraries */ = {
			isa = PBXGroup;
			children = (
			);
			name = Libraries;
			sourceTree = "<group>";
		};
		83CBB9F61A601CBA00E9B192 = {
			isa = PBXGroup;
			children = (
				13B07FAE1A68108700A75B9A /* SalesApp */,
				832341AE1AAA6A7D00B99B32 /* Libraries */,
				00E356EF1AD99517003FC87E /* SalesAppTests */,
				83CBBA001A601CBA00E9B192 /* Products */,
				2D16E6871FA4F8E400B85C8A /* Frameworks */,
				BBD78D7AC51CEA395F1C20DB /* Pods */,
				9952354F80FC438C85A44B4F /* Resources */,
			);
			indentWidth = 2;
			sourceTree = "<group>";
			tabWidth = 2;
			usesTabs = 0;
		};
		83CBBA001A601CBA00E9B192 /* Products */ = {
			isa = PBXGroup;
			children = (
				13B07F961A680F5B00A75B9A /* SalesApp.app */,
				00E356EE1AD99517003FC87E /* SalesAppTests.xctest */,
			);
			name = Products;
			sourceTree = "<group>";
		};
		9952354F80FC438C85A44B4F /* Resources */ = {
			isa = PBXGroup;
			children = (
				29A63E899BBE43A4B01AED5F /* Nunito-Black.ttf */,
				0DEF8AD3323F406EA41AC6D3 /* Nunito-BlackItalic.ttf */,
				4E209C4FE4BF467EBCA7134C /* Nunito-Bold.ttf */,
				67DE9DFE23A44A17AE5D68A2 /* Nunito-BoldItalic.ttf */,
				C4FEB125C25940B8B05661CC /* Nunito-ExtraBold.ttf */,
				C16B765689274973A16BC57E /* Nunito-ExtraBoldItalic.ttf */,
				29AF5FF4CB6A44819387DC6E /* Nunito-ExtraLight.ttf */,
				244ABF5534794585AD003040 /* Nunito-ExtraLightItalic.ttf */,
				366CC7704C5A4733B95F4B14 /* Nunito-Italic.ttf */,
				D86E73528FAE49AE838457E6 /* Nunito-Light.ttf */,
				6C3D06C788354CE1A8F2A908 /* Nunito-LightItalic.ttf */,
				C42ADD53185149EB9FA038A2 /* Nunito-Medium.ttf */,
				6BA745DE83C74A0DA9B298E5 /* Nunito-MediumItalic.ttf */,
				0B486AFFAB294327BB5DE616 /* Nunito-Regular.ttf */,
				D6F643552DE24267B186B21A /* Nunito-SemiBold.ttf */,
				2B7119D4437E42C180E9F82E /* Nunito-SemiBoldItalic.ttf */,
				4B4915BCC205407D98B2D482 /* Poppins-Black.ttf */,
				61F5220CF09F461A8965DC87 /* Poppins-BlackItalic.ttf */,
				25CA7866EAAA4856A30A7A81 /* Poppins-Bold.ttf */,
				6731BBA7FF2346C787824581 /* Poppins-BoldItalic.ttf */,
				9E129952023941CF99BE8056 /* Poppins-ExtraBold.ttf */,
				CBFCB11368764CF6AC9EDF71 /* Poppins-ExtraBoldItalic.ttf */,
				E111A6765F6148CA8BAB146E /* Poppins-ExtraLight.ttf */,
				A3712BD87502425F96937844 /* Poppins-ExtraLightItalic.ttf */,
				46FD47E92BC34B50B2493E5E /* Poppins-Italic.ttf */,
				F6492AA668BC4A0CA6535FF2 /* Poppins-Light.ttf */,
				25E988A52ABD453889A87553 /* Poppins-LightItalic.ttf */,
				026BBEC6D2B54E6193AC819B /* Poppins-Medium.ttf */,
				EA6F61AD6307421B82ADD691 /* Poppins-MediumItalic.ttf */,
				B17A27848E274281A7C1B212 /* Poppins-Regular.ttf */,
				02DFA2C122394E0E94079870 /* Poppins-SemiBold.ttf */,
				6F861281813845AA8E1A739E /* Poppins-SemiBoldItalic.ttf */,
				EE80FEBE75004A959DCB5431 /* Poppins-Thin.ttf */,
				DEBE15C7486B40BF8EC6C0C4 /* Poppins-ThinItalic.ttf */,
			);
			name = Resources;
			sourceTree = "<group>";
		};
		BBD78D7AC51CEA395F1C20DB /* Pods */ = {
			isa = PBXGroup;
			children = (
				7831FA39F8A69BA6698074D4 /* Pods-SalesApp.debug.xcconfig */,
				3DED669602BDD4A1CA64D161 /* Pods-SalesApp.release.xcconfig */,
				F77DA0B34B26C4682A55386F /* Pods-SalesApp-SalesAppTests.debug.xcconfig */,
				F5B11B0C361255BAE6E7791F /* Pods-SalesApp-SalesAppTests.release.xcconfig */,
			);
			path = Pods;
			sourceTree = "<group>";
		};
/* End PBXGroup section */

/* Begin PBXNativeTarget section */
		00E356ED1AD99517003FC87E /* SalesAppTests */ = {
			isa = PBXNativeTarget;
			buildConfigurationList = 00E357021AD99517003FC87E /* Build configuration list for PBXNativeTarget "SalesAppTests" */;
			buildPhases = (
				7B7941A0D0415575ABF10B24 /* [CP] Check Pods Manifest.lock */,
				00E356EA1AD99517003FC87E /* Sources */,
				00E356EB1AD99517003FC87E /* Frameworks */,
				00E356EC1AD99517003FC87E /* Resources */,
				A04137C5EF7476BA5190074F /* [CP] Embed Pods Frameworks */,
				8BB1572019C549FEA997AB4E /* [CP] Copy Pods Resources */,
			);
			buildRules = (
			);
			dependencies = (
				00E356F51AD99517003FC87E /* PBXTargetDependency */,
			);
			name = SalesAppTests;
			productName = SalesAppTests;
			productReference = 00E356EE1AD99517003FC87E /* SalesAppTests.xctest */;
			productType = "com.apple.product-type.bundle.unit-test";
		};
		13B07F861A680F5B00A75B9A /* SalesApp */ = {
			isa = PBXNativeTarget;
			buildConfigurationList = 13B07F931A680F5B00A75B9A /* Build configuration list for PBXNativeTarget "SalesApp" */;
			buildPhases = (
				2F86BEF069D38B67886EE941 /* [CP] Check Pods Manifest.lock */,
				FD10A7F022414F080027D42C /* Start Packager */,
				13B07F871A680F5B00A75B9A /* Sources */,
				13B07F8C1A680F5B00A75B9A /* Frameworks */,
				13B07F8E1A680F5B00A75B9A /* Resources */,
				00DD1BFF1BD5951E006B06BC /* Bundle React Native code and images */,
				E88FF94382AFB4EEB4BB20A8 /* [CP] Embed Pods Frameworks */,
				5B8A4F52119D73F0DA656EAC /* [CP] Copy Pods Resources */,
			);
			buildRules = (
			);
			dependencies = (
			);
			name = SalesApp;
			productName = SalesApp;
			productReference = 13B07F961A680F5B00A75B9A /* SalesApp.app */;
			productType = "com.apple.product-type.application";
		};
/* End PBXNativeTarget section */

/* Begin PBXProject section */
		83CBB9F71A601CBA00E9B192 /* Project object */ = {
			isa = PBXProject;
			attributes = {
				LastUpgradeCheck = 1210;
				TargetAttributes = {
					00E356ED1AD99517003FC87E = {
						CreatedOnToolsVersion = 6.2;
						TestTargetID = 13B07F861A680F5B00A75B9A;
					};
					13B07F861A680F5B00A75B9A = {
						LastSwiftMigration = 1120;
					};
				};
			};
			buildConfigurationList = 83CBB9FA1A601CBA00E9B192 /* Build configuration list for PBXProject "SalesApp" */;
			compatibilityVersion = "Xcode 12.0";
			developmentRegion = en;
			hasScannedForEncodings = 0;
			knownRegions = (
				en,
				Base,
			);
			mainGroup = 83CBB9F61A601CBA00E9B192;
			productRefGroup = 83CBBA001A601CBA00E9B192 /* Products */;
			projectDirPath = "";
			projectRoot = "";
			targets = (
				13B07F861A680F5B00A75B9A /* SalesApp */,
				00E356ED1AD99517003FC87E /* SalesAppTests */,
			);
		};
/* End PBXProject section */

/* Begin PBXResourcesBuildPhase section */
		00E356EC1AD99517003FC87E /* Resources */ = {
			isa = PBXResourcesBuildPhase;
			buildActionMask = 2147483647;
			files = (
			);
			runOnlyForDeploymentPostprocessing = 0;
		};
		13B07F8E1A680F5B00A75B9A /* Resources */ = {
			isa = PBXResourcesBuildPhase;
			buildActionMask = 2147483647;
			files = (
				81AB9BB82411601600AC10FF /* LaunchScreen.storyboard in Resources */,
				13B07FBF1A68108700A75B9A /* Images.xcassets in Resources */,
				DD65F1120CBF4F5A8BB43BB7 /* Nunito-Black.ttf in Resources */,
				DEBBB8C41E6946FB82178DBA /* Nunito-BlackItalic.ttf in Resources */,
				7AB2AEF2AF734E4EAFAAF911 /* Nunito-Bold.ttf in Resources */,
				8896FF9C07994CB0B9726154 /* Nunito-BoldItalic.ttf in Resources */,
				44BB7B4DC02C4A21B7867DBA /* Nunito-ExtraBold.ttf in Resources */,
				FAAC6B20EC7C445AAD976BD4 /* Nunito-ExtraBoldItalic.ttf in Resources */,
				D8AE0622F3C64ED5B506F2E6 /* Nunito-ExtraLight.ttf in Resources */,
				965B9A8560664563B384A3FD /* Nunito-ExtraLightItalic.ttf in Resources */,
				36189D6EFB554FEB973512EB /* Nunito-Italic.ttf in Resources */,
				0D6BE57ADE0D4AFAB9B8FEC9 /* Nunito-Light.ttf in Resources */,
				BA7B5F1BE6D74BC0BDA36329 /* Nunito-LightItalic.ttf in Resources */,
				031389BC7F8C488985C7CE16 /* Nunito-Medium.ttf in Resources */,
				6E58AAE84D024DB293C3041E /* Nunito-MediumItalic.ttf in Resources */,
				4F550346F5F048A7BDD27ECD /* Nunito-Regular.ttf in Resources */,
				9CEE856C4DBB485F950C4D91 /* Nunito-SemiBold.ttf in Resources */,
				A6C8F25E06524FB084D39689 /* Nunito-SemiBoldItalic.ttf in Resources */,
				A6684C93117C4518ADB770DC /* Poppins-Black.ttf in Resources */,
				C8AF90C5DACC4A99AE1AE749 /* Poppins-BlackItalic.ttf in Resources */,
				47676426AD454F3D84A51B7A /* Poppins-Bold.ttf in Resources */,
				0640E2BE8E544117B43373C4 /* Poppins-BoldItalic.ttf in Resources */,
				034C941009964338A4D59CCC /* Poppins-ExtraBold.ttf in Resources */,
				E20F47B799AC411B85E16719 /* Poppins-ExtraBoldItalic.ttf in Resources */,
				7743C93442314A5FA6E7D941 /* Poppins-ExtraLight.ttf in Resources */,
				F6266660FA4C4AAABC28C9F7 /* Poppins-ExtraLightItalic.ttf in Resources */,
				53554AFFE0854F4F999C7214 /* Poppins-Italic.ttf in Resources */,
				73713FDE27DF4DE19546FD1B /* Poppins-Light.ttf in Resources */,
				1690DED8269E47CAA89FEF31 /* Poppins-LightItalic.ttf in Resources */,
				F240F796BC934262A07F6493 /* Poppins-Medium.ttf in Resources */,
				BDE8B4619D89447B8596C42C /* Poppins-MediumItalic.ttf in Resources */,
				C22F1A2A549F4EE79876D292 /* Poppins-Regular.ttf in Resources */,
				FF44F79B88EA47D89E885F63 /* Poppins-SemiBold.ttf in Resources */,
				65001D63F5CE400794DE812F /* Poppins-SemiBoldItalic.ttf in Resources */,
				A77C0626EE4F47A7A88700FD /* Poppins-Thin.ttf in Resources */,
				21C0D59AAA094E4780C2B72F /* Poppins-ThinItalic.ttf in Resources */,
			);
			runOnlyForDeploymentPostprocessing = 0;
		};
/* End PBXResourcesBuildPhase section */

/* Begin PBXShellScriptBuildPhase section */
		00DD1BFF1BD5951E006B06BC /* Bundle React Native code and images */ = {
			isa = PBXShellScriptBuildPhase;
			buildActionMask = 2147483647;
			files = (
			);
			inputPaths = (
			);
			name = "Bundle React Native code and images";
			outputPaths = (
			);
			runOnlyForDeploymentPostprocessing = 0;
			shellPath = /bin/sh;
			shellScript = "set -e\n\nexport NODE_BINARY=node\n../node_modules/react-native/scripts/react-native-xcode.sh\n";
		};
		2F86BEF069D38B67886EE941 /* [CP] Check Pods Manifest.lock */ = {
			isa = PBXShellScriptBuildPhase;
			buildActionMask = 2147483647;
			files = (
			);
			inputFileListPaths = (
			);
			inputPaths = (
				"${PODS_PODFILE_DIR_PATH}/Podfile.lock",
				"${PODS_ROOT}/Manifest.lock",
			);
			name = "[CP] Check Pods Manifest.lock";
			outputFileListPaths = (
			);
			outputPaths = (
				"$(DERIVED_FILE_DIR)/Pods-SalesApp-checkManifestLockResult.txt",
			);
			runOnlyForDeploymentPostprocessing = 0;
			shellPath = /bin/sh;
			shellScript = "diff \"${PODS_PODFILE_DIR_PATH}/Podfile.lock\" \"${PODS_ROOT}/Manifest.lock\" > /dev/null\nif [ $? != 0 ] ; then\n    # print error to STDERR\n    echo \"error: The sandbox is not in sync with the Podfile.lock. Run 'pod install' or update your CocoaPods installation.\" >&2\n    exit 1\nfi\n# This output is used by Xcode 'outputs' to avoid re-running this script phase.\necho \"SUCCESS\" > \"${SCRIPT_OUTPUT_FILE_0}\"\n";
			showEnvVarsInLog = 0;
		};
		5B8A4F52119D73F0DA656EAC /* [CP] Copy Pods Resources */ = {
			isa = PBXShellScriptBuildPhase;
			buildActionMask = 2147483647;
			files = (
			);
			inputFileListPaths = (
				"${PODS_ROOT}/Target Support Files/Pods-SalesApp/Pods-SalesApp-resources-${CONFIGURATION}-input-files.xcfilelist",
			);
			name = "[CP] Copy Pods Resources";
			outputFileListPaths = (
				"${PODS_ROOT}/Target Support Files/Pods-SalesApp/Pods-SalesApp-resources-${CONFIGURATION}-output-files.xcfilelist",
			);
			runOnlyForDeploymentPostprocessing = 0;
			shellPath = /bin/sh;
			shellScript = "\"${PODS_ROOT}/Target Support Files/Pods-SalesApp/Pods-SalesApp-resources.sh\"\n";
			showEnvVarsInLog = 0;
		};
		7B7941A0D0415575ABF10B24 /* [CP] Check Pods Manifest.lock */ = {
			isa = PBXShellScriptBuildPhase;
			buildActionMask = 2147483647;
			files = (
			);
			inputFileListPaths = (
			);
			inputPaths = (
				"${PODS_PODFILE_DIR_PATH}/Podfile.lock",
				"${PODS_ROOT}/Manifest.lock",
			);
			name = "[CP] Check Pods Manifest.lock";
			outputFileListPaths = (
			);
			outputPaths = (
				"$(DERIVED_FILE_DIR)/Pods-SalesApp-SalesAppTests-checkManifestLockResult.txt",
			);
			runOnlyForDeploymentPostprocessing = 0;
			shellPath = /bin/sh;
			shellScript = "diff \"${PODS_PODFILE_DIR_PATH}/Podfile.lock\" \"${PODS_ROOT}/Manifest.lock\" > /dev/null\nif [ $? != 0 ] ; then\n    # print error to STDERR\n    echo \"error: The sandbox is not in sync with the Podfile.lock. Run 'pod install' or update your CocoaPods installation.\" >&2\n    exit 1\nfi\n# This output is used by Xcode 'outputs' to avoid re-running this script phase.\necho \"SUCCESS\" > \"${SCRIPT_OUTPUT_FILE_0}\"\n";
			showEnvVarsInLog = 0;
		};
		8BB1572019C549FEA997AB4E /* [CP] Copy Pods Resources */ = {
			isa = PBXShellScriptBuildPhase;
			buildActionMask = 2147483647;
			files = (
			);
			inputFileListPaths = (
				"${PODS_ROOT}/Target Support Files/Pods-SalesApp-SalesAppTests/Pods-SalesApp-SalesAppTests-resources-${CONFIGURATION}-input-files.xcfilelist",
			);
			name = "[CP] Copy Pods Resources";
			outputFileListPaths = (
				"${PODS_ROOT}/Target Support Files/Pods-SalesApp-SalesAppTests/Pods-SalesApp-SalesAppTests-resources-${CONFIGURATION}-output-files.xcfilelist",
			);
			runOnlyForDeploymentPostprocessing = 0;
			shellPath = /bin/sh;
			shellScript = "\"${PODS_ROOT}/Target Support Files/Pods-SalesApp-SalesAppTests/Pods-SalesApp-SalesAppTests-resources.sh\"\n";
			showEnvVarsInLog = 0;
		};
		A04137C5EF7476BA5190074F /* [CP] Embed Pods Frameworks */ = {
			isa = PBXShellScriptBuildPhase;
			buildActionMask = 2147483647;
			files = (
			);
			inputFileListPaths = (
				"${PODS_ROOT}/Target Support Files/Pods-SalesApp-SalesAppTests/Pods-SalesApp-SalesAppTests-frameworks-${CONFIGURATION}-input-files.xcfilelist",
			);
			name = "[CP] Embed Pods Frameworks";
			outputFileListPaths = (
				"${PODS_ROOT}/Target Support Files/Pods-SalesApp-SalesAppTests/Pods-SalesApp-SalesAppTests-frameworks-${CONFIGURATION}-output-files.xcfilelist",
			);
			runOnlyForDeploymentPostprocessing = 0;
			shellPath = /bin/sh;
			shellScript = "\"${PODS_ROOT}/Target Support Files/Pods-SalesApp-SalesAppTests/Pods-SalesApp-SalesAppTests-frameworks.sh\"\n";
			showEnvVarsInLog = 0;
		};
		E88FF94382AFB4EEB4BB20A8 /* [CP] Embed Pods Frameworks */ = {
			isa = PBXShellScriptBuildPhase;
			buildActionMask = 2147483647;
			files = (
			);
			inputFileListPaths = (
				"${PODS_ROOT}/Target Support Files/Pods-SalesApp/Pods-SalesApp-frameworks-${CONFIGURATION}-input-files.xcfilelist",
			);
			name = "[CP] Embed Pods Frameworks";
			outputFileListPaths = (
				"${PODS_ROOT}/Target Support Files/Pods-SalesApp/Pods-SalesApp-frameworks-${CONFIGURATION}-output-files.xcfilelist",
			);
			runOnlyForDeploymentPostprocessing = 0;
			shellPath = /bin/sh;
			shellScript = "\"${PODS_ROOT}/Target Support Files/Pods-SalesApp/Pods-SalesApp-frameworks.sh\"\n";
			showEnvVarsInLog = 0;
		};
		FD10A7F022414F080027D42C /* Start Packager */ = {
			isa = PBXShellScriptBuildPhase;
			buildActionMask = 2147483647;
			files = (
			);
			inputFileListPaths = (
			);
			inputPaths = (
			);
			name = "Start Packager";
			outputFileListPaths = (
			);
			outputPaths = (
			);
			runOnlyForDeploymentPostprocessing = 0;
			shellPath = /bin/sh;
			shellScript = "export RCT_METRO_PORT=\"${RCT_METRO_PORT:=8081}\"\necho \"export RCT_METRO_PORT=${RCT_METRO_PORT}\" > \"${SRCROOT}/../node_modules/react-native/scripts/.packager.env\"\nif [ -z \"${RCT_NO_LAUNCH_PACKAGER+xxx}\" ] ; then\n  if nc -w 5 -z localhost ${RCT_METRO_PORT} ; then\n    if ! curl -s \"http://localhost:${RCT_METRO_PORT}/status\" | grep -q \"packager-status:running\" ; then\n      echo \"Port ${RCT_METRO_PORT} already in use, packager is either not running or not running correctly\"\n      exit 2\n    fi\n  else\n    open \"$SRCROOT/../node_modules/react-native/scripts/launchPackager.command\" || echo \"Can't start packager automatically\"\n  fi\nfi\n";
			showEnvVarsInLog = 0;
		};
/* End PBXShellScriptBuildPhase section */

/* Begin PBXSourcesBuildPhase section */
		00E356EA1AD99517003FC87E /* Sources */ = {
			isa = PBXSourcesBuildPhase;
			buildActionMask = 2147483647;
			files = (
				00E356F31AD99517003FC87E /* SalesAppTests.m in Sources */,
			);
			runOnlyForDeploymentPostprocessing = 0;
		};
		13B07F871A680F5B00A75B9A /* Sources */ = {
			isa = PBXSourcesBuildPhase;
			buildActionMask = 2147483647;
			files = (
				13B07FBC1A68108700A75B9A /* AppDelegate.mm in Sources */,
				13B07FC11A68108700A75B9A /* main.m in Sources */,
			);
			runOnlyForDeploymentPostprocessing = 0;
		};
/* End PBXSourcesBuildPhase section */

/* Begin PBXTargetDependency section */
		00E356F51AD99517003FC87E /* PBXTargetDependency */ = {
			isa = PBXTargetDependency;
			target = 13B07F861A680F5B00A75B9A /* SalesApp */;
			targetProxy = 00E356F41AD99517003FC87E /* PBXContainerItemProxy */;
		};
/* End PBXTargetDependency section */

/* Begin XCBuildConfiguration section */
		00E356F61AD99517003FC87E /* Debug */ = {
			isa = XCBuildConfiguration;
			baseConfigurationReference = F77DA0B34B26C4682A55386F /* Pods-SalesApp-SalesAppTests.debug.xcconfig */;
			buildSettings = {
				BUNDLE_LOADER = "$(TEST_HOST)";
				GCC_PREPROCESSOR_DEFINITIONS = (
					"DEBUG=1",
					"$(inherited)",
				);
				INFOPLIST_FILE = SalesAppTests/Info.plist;
				IPHONEOS_DEPLOYMENT_TARGET = 11.0;
				LD_RUNPATH_SEARCH_PATHS = (
					"$(inherited)",
					"@executable_path/Frameworks",
					"@loader_path/Frameworks",
				);
				OTHER_LDFLAGS = (
					"-ObjC",
					"-lc++",
					"$(inherited)",
				);
				PRODUCT_BUNDLE_IDENTIFIER = "org.reactjs.native.example.$(PRODUCT_NAME:rfc1034identifier)";
				PRODUCT_NAME = "$(TARGET_NAME)";
				TEST_HOST = "$(BUILT_PRODUCTS_DIR)/SalesApp.app/SalesApp";
			};
			name = Debug;
		};
		00E356F71AD99517003FC87E /* Release */ = {
			isa = XCBuildConfiguration;
			baseConfigurationReference = F5B11B0C361255BAE6E7791F /* Pods-SalesApp-SalesAppTests.release.xcconfig */;
			buildSettings = {
				BUNDLE_LOADER = "$(TEST_HOST)";
				COPY_PHASE_STRIP = NO;
				INFOPLIST_FILE = SalesAppTests/Info.plist;
				IPHONEOS_DEPLOYMENT_TARGET = 11.0;
				LD_RUNPATH_SEARCH_PATHS = (
					"$(inherited)",
					"@executable_path/Frameworks",
					"@loader_path/Frameworks",
				);
				OTHER_LDFLAGS = (
					"-ObjC",
					"-lc++",
					"$(inherited)",
				);
				PRODUCT_BUNDLE_IDENTIFIER = "org.reactjs.native.example.$(PRODUCT_NAME:rfc1034identifier)";
				PRODUCT_NAME = "$(TARGET_NAME)";
				TEST_HOST = "$(BUILT_PRODUCTS_DIR)/SalesApp.app/SalesApp";
			};
			name = Release;
		};
		13B07F941A680F5B00A75B9A /* Debug */ = {
			isa = XCBuildConfiguration;
			baseConfigurationReference = 7831FA39F8A69BA6698074D4 /* Pods-SalesApp.debug.xcconfig */;
			buildSettings = {
				ASSETCATALOG_COMPILER_APPICON_NAME = AppIcon;
				CLANG_ENABLE_MODULES = YES;
				CURRENT_PROJECT_VERSION = 1;
				ENABLE_BITCODE = NO;
				INFOPLIST_FILE = SalesApp/Info.plist;
				LD_RUNPATH_SEARCH_PATHS = (
					"$(inherited)",
					"@executable_path/Frameworks",
				);
				OTHER_LDFLAGS = (
					"$(inherited)",
					"-ObjC",
					"-lc++",
				);
				PRODUCT_BUNDLE_IDENTIFIER = "org.reactjs.native.example.$(PRODUCT_NAME:rfc1034identifier)";
				PRODUCT_NAME = SalesApp;
				SWIFT_OPTIMIZATION_LEVEL = "-Onone";
				SWIFT_VERSION = 5.0;
				TARGETED_DEVICE_FAMILY = "1,2";
				VERSIONING_SYSTEM = "apple-generic";
			};
			name = Debug;
		};
		13B07F951A680F5B00A75B9A /* Release */ = {
			isa = XCBuildConfiguration;
			baseConfigurationReference = 3DED669602BDD4A1CA64D161 /* Pods-SalesApp.release.xcconfig */;
			buildSettings = {
				ASSETCATALOG_COMPILER_APPICON_NAME = AppIcon;
				CLANG_ENABLE_MODULES = YES;
				CURRENT_PROJECT_VERSION = 1;
				INFOPLIST_FILE = SalesApp/Info.plist;
				LD_RUNPATH_SEARCH_PATHS = (
					"$(inherited)",
					"@executable_path/Frameworks",
				);
				OTHER_LDFLAGS = (
					"$(inherited)",
					"-ObjC",
					"-lc++",
				);
				PRODUCT_BUNDLE_IDENTIFIER = "org.reactjs.native.example.$(PRODUCT_NAME:rfc1034identifier)";
				PRODUCT_NAME = SalesApp;
				SWIFT_VERSION = 5.0;
				TARGETED_DEVICE_FAMILY = "1,2";
				VERSIONING_SYSTEM = "apple-generic";
			};
			name = Release;
		};
		83CBBA201A601CBA00E9B192 /* Debug */ = {
			isa = XCBuildConfiguration;
			buildSettings = {
				ALWAYS_SEARCH_USER_PATHS = NO;
				CLANG_ANALYZER_LOCALIZABILITY_NONLOCALIZED = YES;
				CLANG_CXX_LANGUAGE_STANDARD = "c++17";
				CLANG_CXX_LIBRARY = "libc++";
				CLANG_ENABLE_MODULES = YES;
				CLANG_ENABLE_OBJC_ARC = YES;
				CLANG_WARN_BLOCK_CAPTURE_AUTORELEASING = YES;
				CLANG_WARN_BOOL_CONVERSION = YES;
				CLANG_WARN_COMMA = YES;
				CLANG_WARN_CONSTANT_CONVERSION = YES;
				CLANG_WARN_DEPRECATED_OBJC_IMPLEMENTATIONS = YES;
				CLANG_WARN_DIRECT_OBJC_ISA_USAGE = YES_ERROR;
				CLANG_WARN_EMPTY_BODY = YES;
				CLANG_WARN_ENUM_CONVERSION = YES;
				CLANG_WARN_INFINITE_RECURSION = YES;
				CLANG_WARN_INT_CONVERSION = YES;
				CLANG_WARN_NON_LITERAL_NULL_CONVERSION = YES;
				CLANG_WARN_OBJC_IMPLICIT_RETAIN_SELF = YES;
				CLANG_WARN_OBJC_LITERAL_CONVERSION = YES;
				CLANG_WARN_OBJC_ROOT_CLASS = YES_ERROR;
				CLANG_WARN_QUOTED_INCLUDE_IN_FRAMEWORK_HEADER = YES;
				CLANG_WARN_RANGE_LOOP_ANALYSIS = YES;
				CLANG_WARN_STRICT_PROTOTYPES = YES;
				CLANG_WARN_SUSPICIOUS_MOVE = YES;
				CLANG_WARN_UNREACHABLE_CODE = YES;
				CLANG_WARN__DUPLICATE_METHOD_MATCH = YES;
				"CODE_SIGN_IDENTITY[sdk=iphoneos*]" = "iPhone Developer";
				COPY_PHASE_STRIP = NO;
				ENABLE_STRICT_OBJC_MSGSEND = YES;
				ENABLE_TESTABILITY = YES;
				"EXCLUDED_ARCHS[sdk=iphonesimulator*]" = "";
				GCC_C_LANGUAGE_STANDARD = gnu99;
				GCC_DYNAMIC_NO_PIC = NO;
				GCC_NO_COMMON_BLOCKS = YES;
				GCC_OPTIMIZATION_LEVEL = 0;
				GCC_PREPROCESSOR_DEFINITIONS = (
					"DEBUG=1",
					"$(inherited)",
				);
				GCC_SYMBOLS_PRIVATE_EXTERN = NO;
				GCC_WARN_64_TO_32_BIT_CONVERSION = YES;
				GCC_WARN_ABOUT_RETURN_TYPE = YES_ERROR;
				GCC_WARN_UNDECLARED_SELECTOR = YES;
				GCC_WARN_UNINITIALIZED_AUTOS = YES_AGGRESSIVE;
				GCC_WARN_UNUSED_FUNCTION = YES;
				GCC_WARN_UNUSED_VARIABLE = YES;
				IPHONEOS_DEPLOYMENT_TARGET = 11.0;
				LD_RUNPATH_SEARCH_PATHS = (
					/usr/lib/swift,
					"$(inherited)",
				);
				LIBRARY_SEARCH_PATHS = (
					"\"$(SDKROOT)/usr/lib/swift\"",
					"\"$(TOOLCHAIN_DIR)/usr/lib/swift/$(PLATFORM_NAME)\"",
					"\"$(inherited)\"",
				);
				MTL_ENABLE_DEBUG_INFO = YES;
				ONLY_ACTIVE_ARCH = YES;
				OTHER_CPLUSPLUSFLAGS = (
					"$(OTHER_CFLAGS)",
					"-DFOLLY_NO_CONFIG",
					"-DFOLLY_MOBILE=1",
					"-DFOLLY_USE_LIBCPP=1",
				);
				SDKROOT = iphoneos;
			};
			name = Debug;
		};
		83CBBA211A601CBA00E9B192 /* Release */ = {
			isa = XCBuildConfiguration;
			buildSettings = {
				ALWAYS_SEARCH_USER_PATHS = NO;
				CLANG_ANALYZER_LOCALIZABILITY_NONLOCALIZED = YES;
				CLANG_CXX_LANGUAGE_STANDARD = "c++17";
				CLANG_CXX_LIBRARY = "libc++";
				CLANG_ENABLE_MODULES = YES;
				CLANG_ENABLE_OBJC_ARC = YES;
				CLANG_WARN_BLOCK_CAPTURE_AUTORELEASING = YES;
				CLANG_WARN_BOOL_CONVERSION = YES;
				CLANG_WARN_COMMA = YES;
				CLANG_WARN_CONSTANT_CONVERSION = YES;
				CLANG_WARN_DEPRECATED_OBJC_IMPLEMENTATIONS = YES;
				CLANG_WARN_DIRECT_OBJC_ISA_USAGE = YES_ERROR;
				CLANG_WARN_EMPTY_BODY = YES;
				CLANG_WARN_ENUM_CONVERSION = YES;
				CLANG_WARN_INFINITE_RECURSION = YES;
				CLANG_WARN_INT_CONVERSION = YES;
				CLANG_WARN_NON_LITERAL_NULL_CONVERSION = YES;
				CLANG_WARN_OBJC_IMPLICIT_RETAIN_SELF = YES;
				CLANG_WARN_OBJC_LITERAL_CONVERSION = YES;
				CLANG_WARN_OBJC_ROOT_CLASS = YES_ERROR;
				CLANG_WARN_QUOTED_INCLUDE_IN_FRAMEWORK_HEADER = YES;
				CLANG_WARN_RANGE_LOOP_ANALYSIS = YES;
				CLANG_WARN_STRICT_PROTOTYPES = YES;
				CLANG_WARN_SUSPICIOUS_MOVE = YES;
				CLANG_WARN_UNREACHABLE_CODE = YES;
				CLANG_WARN__DUPLICATE_METHOD_MATCH = YES;
				"CODE_SIGN_IDENTITY[sdk=iphoneos*]" = "iPhone Developer";
				COPY_PHASE_STRIP = YES;
				ENABLE_NS_ASSERTIONS = NO;
				ENABLE_STRICT_OBJC_MSGSEND = YES;
				"EXCLUDED_ARCHS[sdk=iphonesimulator*]" = "";
				GCC_C_LANGUAGE_STANDARD = gnu99;
				GCC_NO_COMMON_BLOCKS = YES;
				GCC_WARN_64_TO_32_BIT_CONVERSION = YES;
				GCC_WARN_ABOUT_RETURN_TYPE = YES_ERROR;
				GCC_WARN_UNDECLARED_SELECTOR = YES;
				GCC_WARN_UNINITIALIZED_AUTOS = YES_AGGRESSIVE;
				GCC_WARN_UNUSED_FUNCTION = YES;
				GCC_WARN_UNUSED_VARIABLE = YES;
				IPHONEOS_DEPLOYMENT_TARGET = 11.0;
				LD_RUNPATH_SEARCH_PATHS = (
					/usr/lib/swift,
					"$(inherited)",
				);
				LIBRARY_SEARCH_PATHS = (
					"\"$(SDKROOT)/usr/lib/swift\"",
					"\"$(TOOLCHAIN_DIR)/usr/lib/swift/$(PLATFORM_NAME)\"",
					"\"$(inherited)\"",
				);
				MTL_ENABLE_DEBUG_INFO = NO;
				OTHER_CPLUSPLUSFLAGS = (
					"$(OTHER_CFLAGS)",
					"-DFOLLY_NO_CONFIG",
					"-DFOLLY_MOBILE=1",
					"-DFOLLY_USE_LIBCPP=1",
				);
				SDKROOT = iphoneos;
				VALIDATE_PRODUCT = YES;
			};
			name = Release;
		};
/* End XCBuildConfiguration section */

/* Begin XCConfigurationList section */
		00E357021AD99517003FC87E /* Build configuration list for PBXNativeTarget "SalesAppTests" */ = {
			isa = XCConfigurationList;
			buildConfigurations = (
				00E356F61AD99517003FC87E /* Debug */,
				00E356F71AD99517003FC87E /* Release */,
			);
			defaultConfigurationIsVisible = 0;
			defaultConfigurationName = Release;
		};
		13B07F931A680F5B00A75B9A /* Build configuration list for PBXNativeTarget "SalesApp" */ = {
			isa = XCConfigurationList;
			buildConfigurations = (
				13B07F941A680F5B00A75B9A /* Debug */,
				13B07F951A680F5B00A75B9A /* Release */,
			);
			defaultConfigurationIsVisible = 0;
			defaultConfigurationName = Release;
		};
		83CBB9FA1A601CBA00E9B192 /* Build configuration list for PBXProject "SalesApp" */ = {
			isa = XCConfigurationList;
			buildConfigurations = (
				83CBBA201A601CBA00E9B192 /* Debug */,
				83CBBA211A601CBA00E9B192 /* Release */,
			);
			defaultConfigurationIsVisible = 0;
			defaultConfigurationName = Release;
		};
/* End XCConfigurationList section */
	};
	rootObject = 83CBB9F71A601CBA00E9B192 /* Project object */;
}
